// !$*UTF8*$!
{
	archiveVersion = 1;
	classes = {
	};
	objectVersion = 46;
	objects = {

/* Begin PBXBuildFile section */
		2735AA181C2606BA00AF931F /* UIBezierPath+Interpolation.m in Sources */ = {isa = PBXBuildFile; fileRef = 2735AA171C2606BA00AF931F /* UIBezierPath+Interpolation.m */; };
		2735AA1B1C2606CC00AF931F /* CGPointExtension.m in Sources */ = {isa = PBXBuildFile; fileRef = 2735AA1A1C2606CC00AF931F /* CGPointExtension.m */; };
		276618FB1BD2EFE900782A08 /* main.m in Sources */ = {isa = PBXBuildFile; fileRef = 276618FA1BD2EFE900782A08 /* main.m */; };
		276618FE1BD2EFE900782A08 /* AppDelegate.m in Sources */ = {isa = PBXBuildFile; fileRef = 276618FD1BD2EFE900782A08 /* AppDelegate.m */; };
		276619011BD2EFE900782A08 /* GameScene.m in Sources */ = {isa = PBXBuildFile; fileRef = 276619001BD2EFE900782A08 /* GameScene.m */; };
		276619031BD2EFE900782A08 /* GameScene.sks in Resources */ = {isa = PBXBuildFile; fileRef = 276619021BD2EFE900782A08 /* GameScene.sks */; };
		276619061BD2EFE900782A08 /* GameViewController.m in Sources */ = {isa = PBXBuildFile; fileRef = 276619051BD2EFE900782A08 /* GameViewController.m */; };
		276619091BD2EFE900782A08 /* Main.storyboard in Resources */ = {isa = PBXBuildFile; fileRef = 276619071BD2EFE900782A08 /* Main.storyboard */; };
		2766190B1BD2EFE900782A08 /* Assets.xcassets in Resources */ = {isa = PBXBuildFile; fileRef = 2766190A1BD2EFE900782A08 /* Assets.xcassets */; };
		2766190E1BD2EFE900782A08 /* LaunchScreen.storyboard in Resources */ = {isa = PBXBuildFile; fileRef = 2766190C1BD2EFE900782A08 /* LaunchScreen.storyboard */; };
/* End PBXBuildFile section */

/* Begin PBXFileReference section */
		2735AA161C2606BA00AF931F /* UIBezierPath+Interpolation.h */ = {isa = PBXFileReference; fileEncoding = 4; lastKnownFileType = sourcecode.c.h; path = "UIBezierPath+Interpolation.h"; sourceTree = "<group>"; };
		2735AA171C2606BA00AF931F /* UIBezierPath+Interpolation.m */ = {isa = PBXFileReference; fileEncoding = 4; lastKnownFileType = sourcecode.c.objc; path = "UIBezierPath+Interpolation.m"; sourceTree = "<group>"; };
		2735AA191C2606CC00AF931F /* CGPointExtension.h */ = {isa = PBXFileReference; fileEncoding = 4; lastKnownFileType = sourcecode.c.h; path = CGPointExtension.h; sourceTree = "<group>"; };
		2735AA1A1C2606CC00AF931F /* CGPointExtension.m */ = {isa = PBXFileReference; fileEncoding = 4; lastKnownFileType = sourcecode.c.objc; path = CGPointExtension.m; sourceTree = "<group>"; };
		276618F61BD2EFE900782A08 /* GrainOfSandClock.app */ = {isa = PBXFileReference; explicitFileType = wrapper.application; includeInIndex = 0; path = GrainOfSandClock.app; sourceTree = BUILT_PRODUCTS_DIR; };
		276618FA1BD2EFE900782A08 /* main.m */ = {isa = PBXFileReference; lastKnownFileType = sourcecode.c.objc; path = main.m; sourceTree = "<group>"; };
		276618FC1BD2EFE900782A08 /* AppDelegate.h */ = {isa = PBXFileReference; lastKnownFileType = sourcecode.c.h; path = AppDelegate.h; sourceTree = "<group>"; };
		276618FD1BD2EFE900782A08 /* AppDelegate.m */ = {isa = PBXFileReference; lastKnownFileType = sourcecode.c.objc; path = AppDelegate.m; sourceTree = "<group>"; };
		276618FF1BD2EFE900782A08 /* GameScene.h */ = {isa = PBXFileReference; lastKnownFileType = sourcecode.c.h; path = GameScene.h; sourceTree = "<group>"; };
		276619001BD2EFE900782A08 /* GameScene.m */ = {isa = PBXFileReference; lastKnownFileType = sourcecode.c.objc; path = GameScene.m; sourceTree = "<group>"; };
		276619021BD2EFE900782A08 /* GameScene.sks */ = {isa = PBXFileReference; lastKnownFileType = file.sks; path = GameScene.sks; sourceTree = "<group>"; };
		276619041BD2EFE900782A08 /* GameViewController.h */ = {isa = PBXFileReference; lastKnownFileType = sourcecode.c.h; path = GameViewController.h; sourceTree = "<group>"; };
		276619051BD2EFE900782A08 /* GameViewController.m */ = {isa = PBXFileReference; lastKnownFileType = sourcecode.c.objc; path = GameViewController.m; sourceTree = "<group>"; };
		276619081BD2EFE900782A08 /* Base */ = {isa = PBXFileReference; lastKnownFileType = file.storyboard; name = Base; path = Base.lproj/Main.storyboard; sourceTree = "<group>"; };
		2766190A1BD2EFE900782A08 /* Assets.xcassets */ = {isa = PBXFileReference; lastKnownFileType = folder.assetcatalog; path = Assets.xcassets; sourceTree = "<group>"; };
		2766190D1BD2EFE900782A08 /* Base */ = {isa = PBXFileReference; lastKnownFileType = file.storyboard; name = Base; path = Base.lproj/LaunchScreen.storyboard; sourceTree = "<group>"; };
		2766190F1BD2EFE900782A08 /* Info.plist */ = {isa = PBXFileReference; lastKnownFileType = text.plist.xml; path = Info.plist; sourceTree = "<group>"; };
/* End PBXFileReference section */

/* Begin PBXFrameworksBuildPhase section */
		276618F31BD2EFE900782A08 /* Frameworks */ = {
			isa = PBXFrameworksBuildPhase;
			buildActionMask = 2147483647;
			files = (
			);
			runOnlyForDeploymentPostprocessing = 0;
		};
/* End PBXFrameworksBuildPhase section */

/* Begin PBXGroup section */
		276618ED1BD2EFE900782A08 = {
			isa = PBXGroup;
			children = (
				276618F81BD2EFE900782A08 /* GrainOfSandClock */,
				276618F71BD2EFE900782A08 /* Products */,
			);
			sourceTree = "<group>";
		};
		276618F71BD2EFE900782A08 /* Products */ = {
			isa = PBXGroup;
			children = (
				276618F61BD2EFE900782A08 /* GrainOfSandClock.app */,
			);
			name = Products;
			sourceTree = "<group>";
		};
		276618F81BD2EFE900782A08 /* GrainOfSandClock */ = {
			isa = PBXGroup;
			children = (
				276618FC1BD2EFE900782A08 /* AppDelegate.h */,
				276618FD1BD2EFE900782A08 /* AppDelegate.m */,
				2735AA161C2606BA00AF931F /* UIBezierPath+Interpolation.h */,
				2735AA171C2606BA00AF931F /* UIBezierPath+Interpolation.m */,
				2735AA191C2606CC00AF931F /* CGPointExtension.h */,
				2735AA1A1C2606CC00AF931F /* CGPointExtension.m */,
				276618FF1BD2EFE900782A08 /* GameScene.h */,
				276619001BD2EFE900782A08 /* GameScene.m */,
				276619021BD2EFE900782A08 /* GameScene.sks */,
				276619041BD2EFE900782A08 /* GameViewController.h */,
				276619051BD2EFE900782A08 /* GameViewController.m */,
				276619071BD2EFE900782A08 /* Main.storyboard */,
				2766190A1BD2EFE900782A08 /* Assets.xcassets */,
				2766190C1BD2EFE900782A08 /* LaunchScreen.storyboard */,
				2766190F1BD2EFE900782A08 /* Info.plist */,
				276618F91BD2EFE900782A08 /* Supporting Files */,
			);
			path = GrainOfSandClock;
			sourceTree = "<group>";
		};
		276618F91BD2EFE900782A08 /* Supporting Files */ = {
			isa = PBXGroup;
			children = (
				276618FA1BD2EFE900782A08 /* main.m */,
			);
			name = "Supporting Files";
			sourceTree = "<group>";
		};
/* End PBXGroup section */

/* Begin PBXNativeTarget section */
		276618F51BD2EFE900782A08 /* GrainOfSandClock */ = {
			isa = PBXNativeTarget;
			buildConfigurationList = 276619121BD2EFE900782A08 /* Build configuration list for PBXNativeTarget "GrainOfSandClock" */;
			buildPhases = (
				276618F21BD2EFE900782A08 /* Sources */,
				276618F31BD2EFE900782A08 /* Frameworks */,
				276618F41BD2EFE900782A08 /* Resources */,
			);
			buildRules = (
			);
			dependencies = (
			);
			name = GrainOfSandClock;
			productName = GrainOfSandClock;
			productReference = 276618F61BD2EFE900782A08 /* GrainOfSandClock.app */;
			productType = "com.apple.product-type.application";
		};
/* End PBXNativeTarget section */

/* Begin PBXProject section */
		276618EE1BD2EFE900782A08 /* Project object */ = {
			isa = PBXProject;
			attributes = {
				LastUpgradeCheck = 0700;
				ORGANIZATIONNAME = "Sam Keene";
				TargetAttributes = {
					276618F51BD2EFE900782A08 = {
						CreatedOnToolsVersion = 7.0;
					};
				};
			};
			buildConfigurationList = 276618F11BD2EFE900782A08 /* Build configuration list for PBXProject "GrainOfSandClock" */;
			compatibilityVersion = "Xcode 3.2";
			developmentRegion = English;
			hasScannedForEncodings = 0;
			knownRegions = (
				en,
				Base,
			);
			mainGroup = 276618ED1BD2EFE900782A08;
			productRefGroup = 276618F71BD2EFE900782A08 /* Products */;
			projectDirPath = "";
			projectRoot = "";
			targets = (
				276618F51BD2EFE900782A08 /* GrainOfSandClock */,
			);
		};
/* End PBXProject section */

/* Begin PBXResourcesBuildPhase section */
		276618F41BD2EFE900782A08 /* Resources */ = {
			isa = PBXResourcesBuildPhase;
			buildActionMask = 2147483647;
			files = (
				276619031BD2EFE900782A08 /* GameScene.sks in Resources */,
				2766190E1BD2EFE900782A08 /* LaunchScreen.storyboard in Resources */,
				2766190B1BD2EFE900782A08 /* Assets.xcassets in Resources */,
				276619091BD2EFE900782A08 /* Main.storyboard in Resources */,
			);
			runOnlyForDeploymentPostprocessing = 0;
		};
/* End PBXResourcesBuildPhase section */

/* Begin PBXSourcesBuildPhase section */
		276618F21BD2EFE900782A08 /* Sources */ = {
			isa = PBXSourcesBuildPhase;
			buildActionMask = 2147483647;
			files = (
				2735AA1B1C2606CC00AF931F /* CGPointExtension.m in Sources */,
				276619061BD2EFE900782A08 /* GameViewController.m in Sources */,
				2735AA181C2606BA00AF931F /* UIBezierPath+Interpolation.m in Sources */,
				276618FE1BD2EFE900782A08 /* AppDelegate.m in Sources */,
				276619011BD2EFE900782A08 /* GameScene.m in Sources */,
				276618FB1BD2EFE900782A08 /* main.m in Sources */,
			);
			runOnlyForDeploymentPostprocessing = 0;
		};
/* End PBXSourcesBuildPhase section */

/* Begin PBXVariantGroup section */
		276619071BD2EFE900782A08 /* Main.storyboard */ = {
			isa = PBXVariantGroup;
			children = (
				276619081BD2EFE900782A08 /* Base */,
			);
			name = Main.storyboard;
			sourceTree = "<group>";
		};
		2766190C1BD2EFE900782A08 /* LaunchScreen.storyboard */ = {
			isa = PBXVariantGroup;
			children = (
				2766190D1BD2EFE900782A08 /* Base */,
			);
			name = LaunchScreen.storyboard;
			sourceTree = "<group>";
		};
/* End PBXVariantGroup section */

/* Begin XCBuildConfiguration section */
		276619101BD2EFE900782A08 /* Debug */ = {
			isa = XCBuildConfiguration;
			buildSettings = {
				ALWAYS_SEARCH_USER_PATHS = NO;
				CLANG_CXX_LANGUAGE_STANDARD = "gnu++0x";
				CLANG_CXX_LIBRARY = "libc++";
				CLANG_ENABLE_MODULES = YES;
				CLANG_ENABLE_OBJC_ARC = YES;
				CLANG_WARN_BOOL_CONVERSION = YES;
				CLANG_WARN_CONSTANT_CONVERSION = YES;
				CLANG_WARN_DIRECT_OBJC_ISA_USAGE = YES_ERROR;
				CLANG_WARN_EMPTY_BODY = YES;
				CLANG_WARN_ENUM_CONVERSION = YES;
				CLANG_WARN_INT_CONVERSION = YES;
				CLANG_WARN_OBJC_ROOT_CLASS = YES_ERROR;
				CLANG_WARN_UNREACHABLE_CODE = YES;
				CLANG_WARN__DUPLICATE_METHOD_MATCH = YES;
				"CODE_SIGN_IDENTITY[sdk=iphoneos*]" = "iPhone Developer";
				COPY_PHASE_STRIP = NO;
				DEBUG_INFORMATION_FORMAT = "dwarf-with-dsym";
				ENABLE_STRICT_OBJC_MSGSEND = YES;
				ENABLE_TESTABILITY = YES;
				GCC_C_LANGUAGE_STANDARD = gnu99;
				GCC_DYNAMIC_NO_PIC = NO;
				GCC_NO_COMMON_BLOCKS = YES;
				GCC_OPTIMIZATION_LEVEL = 0;
				GCC_PREPROCESSOR_DEFINITIONS = (
					"DEBUG=1",
					"$(inherited)",
				);
				GCC_WARN_64_TO_32_BIT_CONVERSION = YES;
				GCC_WARN_ABOUT_RETURN_TYPE = YES_ERROR;
				GCC_WARN_UNDECLARED_SELECTOR = YES;
				GCC_WARN_UNINITIALIZED_AUTOS = YES_AGGRESSIVE;
				GCC_WARN_UNUSED_FUNCTION = YES;
				GCC_WARN_UNUSED_VARIABLE = YES;
				IPHONEOS_DEPLOYMENT_TARGET = 9.0;
				MTL_ENABLE_DEBUG_INFO = YES;
				ONLY_ACTIVE_ARCH = YES;
				SDKROOT = iphoneos;
			};
			name = Debug;
		};
		276619111BD2EFE900782A08 /* Release */ = {
			isa = XCBuildConfiguration;
			buildSettings = {
				ALWAYS_SEARCH_USER_PATHS = NO;
				CLANG_CXX_LANGUAGE_STANDARD = "gnu++0x";
				CLANG_CXX_LIBRARY = "libc++";
				CLANG_ENABLE_MODULES = YES;
				CLANG_ENABLE_OBJC_ARC = YES;
				CLANG_WARN_BOOL_CONVERSION = YES;
				CLANG_WARN_CONSTANT_CONVERSION = YES;
				CLANG_WARN_DIRECT_OBJC_ISA_USAGE = YES_ERROR;
				CLANG_WARN_EMPTY_BODY = YES;
				CLANG_WARN_ENUM_CONVERSION = YES;
				CLANG_WARN_INT_CONVERSION = YES;
				CLANG_WARN_OBJC_ROOT_CLASS = YES_ERROR;
				CLANG_WARN_UNREACHABLE_CODE = YES;
				CLANG_WARN__DUPLICATE_METHOD_MATCH = YES;
				"CODE_SIGN_IDENTITY[sdk=iphoneos*]" = "iPhone Developer";
				COPY_PHASE_STRIP = NO;
				DEBUG_INFORMATION_FORMAT = "dwarf-with-dsym";
				ENABLE_NS_ASSERTIONS = NO;
				ENABLE_STRICT_OBJC_MSGSEND = YES;
				GCC_C_LANGUAGE_STANDARD = gnu99;
				GCC_NO_COMMON_BLOCKS = YES;
				GCC_WARN_64_TO_32_BIT_CONVERSION = YES;
				GCC_WARN_ABOUT_RETURN_TYPE = YES_ERROR;
				GCC_WARN_UNDECLARED_SELECTOR = YES;
				GCC_WARN_UNINITIALIZED_AUTOS = YES_AGGRESSIVE;
				GCC_WARN_UNUSED_FUNCTION = YES;
				GCC_WARN_UNUSED_VARIABLE = YES;
				IPHONEOS_DEPLOYMENT_TARGET = 9.0;
				MTL_ENABLE_DEBUG_INFO = NO;
				SDKROOT = iphoneos;
				VALIDATE_PRODUCT = YES;
			};
			name = Release;
		};
		276619131BD2EFE900782A08 /* Debug */ = {
			isa = XCBuildConfiguration;
			buildSettings = {
				ASSETCATALOG_COMPILER_APPICON_NAME = AppIcon;
				INFOPLIST_FILE = GrainOfSandClock/Info.plist;
				LD_RUNPATH_SEARCH_PATHS = "$(inherited) @executable_path/Frameworks";
				PRODUCT_BUNDLE_IDENTIFIER = "-.GrainOfSandClock";
				PRODUCT_NAME = "$(TARGET_NAME)";
			};
			name = Debug;
		};
		276619141BD2EFE900782A08 /* Release */ = {
			isa = XCBuildConfiguration;
			buildSettings = {
				ASSETCATALOG_COMPILER_APPICON_NAME = AppIcon;
				INFOPLIST_FILE = GrainOfSandClock/Info.plist;
				LD_RUNPATH_SEARCH_PATHS = "$(inherited) @executable_path/Frameworks";
				PRODUCT_BUNDLE_IDENTIFIER = "-.GrainOfSandClock";
				PRODUCT_NAME = "$(TARGET_NAME)";
			};
			name = Release;
		};
/* End XCBuildConfiguration section */

/* Begin XCConfigurationList section */
		276618F11BD2EFE900782A08 /* Build configuration list for PBXProject "GrainOfSandClock" */ = {
			isa = XCConfigurationList;
			buildConfigurations = (
				276619101BD2EFE900782A08 /* Debug */,
				276619111BD2EFE900782A08 /* Release */,
			);
			defaultConfigurationIsVisible = 0;
			defaultConfigurationName = Release;
		};
		276619121BD2EFE900782A08 /* Build configuration list for PBXNativeTarget "GrainOfSandClock" */ = {
			isa = XCConfigurationList;
			buildConfigurations = (
				276619131BD2EFE900782A08 /* Debug */,
				276619141BD2EFE900782A08 /* Release */,
			);
			defaultConfigurationIsVisible = 0;
			defaultConfigurationName = Release;
		};
/* End XCConfigurationList section */
	};
	rootObject = 276618EE1BD2EFE900782A08 /* Project object */;
}
